// !$*UTF8*$!
{
	archiveVersion = 1;
	classes = {
	};
	objectVersion = 77;
	objects = {

/* Begin PBXBuildFile section */
		7E00DF832ECB6214007F3558 /* VoiceKit in Frameworks */ = {isa = PBXBuildFile; productRef = 7E00DF822ECB6214007F3558 /* VoiceKit */; };
		7E00DF852ECB6214007F3558 /* VoiceKitUI in Frameworks */ = {isa = PBXBuildFile; productRef = 7E00DF842ECB6214007F3558 /* VoiceKitUI */; };
/* End PBXBuildFile section */

/* Begin PBXContainerItemProxy section */
		7E8E48CE2ECB571900ED0537 /* PBXContainerItemProxy */ = {
			isa = PBXContainerItemProxy;
			containerPortal = 7E8E48B82ECB571700ED0537 /* Project object */;
			proxyType = 1;
			remoteGlobalIDString = 7E8E48BF2ECB571700ED0537;
			remoteInfo = ChorusLabApp;
		};
		7E8E48D82ECB571900ED0537 /* PBXContainerItemProxy */ = {
			isa = PBXContainerItemProxy;
			containerPortal = 7E8E48B82ECB571700ED0537 /* Project object */;
			proxyType = 1;
			remoteGlobalIDString = 7E8E48BF2ECB571700ED0537;
			remoteInfo = ChorusLabApp;
		};
/* End PBXContainerItemProxy section */

/* Begin PBXFileReference section */
		7E8E48C02ECB571700ED0537 /* ChorusLabApp.app */ = {isa = PBXFileReference; explicitFileType = wrapper.application; includeInIndex = 0; path = ChorusLabApp.app; sourceTree = BUILT_PRODUCTS_DIR; };
		7E8E48CD2ECB571900ED0537 /* ChorusLabAppTests.xctest */ = {isa = PBXFileReference; explicitFileType = wrapper.cfbundle; includeInIndex = 0; path = ChorusLabAppTests.xctest; sourceTree = BUILT_PRODUCTS_DIR; };
		7E8E48D72ECB571900ED0537 /* ChorusLabAppUITests.xctest */ = {isa = PBXFileReference; explicitFileType = wrapper.cfbundle; includeInIndex = 0; path = ChorusLabAppUITests.xctest; sourceTree = BUILT_PRODUCTS_DIR; };
/* End PBXFileReference section */

/* Begin PBXFileSystemSynchronizedRootGroup section */
		7E8E48C22ECB571700ED0537 /* ChorusLabApp */ = {
			isa = PBXFileSystemSynchronizedRootGroup;
			path = ChorusLabApp;
			sourceTree = "<group>";
		};
		7E8E48D02ECB571900ED0537 /* ChorusLabAppTests */ = {
			isa = PBXFileSystemSynchronizedRootGroup;
			path = ChorusLabAppTests;
			sourceTree = "<group>";
		};
		7E8E48DA2ECB571900ED0537 /* ChorusLabAppUITests */ = {
			isa = PBXFileSystemSynchronizedRootGroup;
			path = ChorusLabAppUITests;
			sourceTree = "<group>";
		};
/* End PBXFileSystemSynchronizedRootGroup section */

/* Begin PBXFrameworksBuildPhase section */
		7E8E48BD2ECB571700ED0537 /* Frameworks */ = {
			isa = PBXFrameworksBuildPhase;
			buildActionMask = 2147483647;
			files = (
				7E00DF852ECB6214007F3558 /* VoiceKitUI in Frameworks */,
				7E00DF832ECB6214007F3558 /* VoiceKit in Frameworks */,
			);
			runOnlyForDeploymentPostprocessing = 0;
		};
		7E8E48CA2ECB571900ED0537 /* Frameworks */ = {
			isa = PBXFrameworksBuildPhase;
			buildActionMask = 2147483647;
			files = (
			);
			runOnlyForDeploymentPostprocessing = 0;
		};
		7E8E48D42ECB571900ED0537 /* Frameworks */ = {
			isa = PBXFrameworksBuildPhase;
			buildActionMask = 2147483647;
			files = (
			);
			runOnlyForDeploymentPostprocessing = 0;
		};
/* End PBXFrameworksBuildPhase section */

/* Begin PBXGroup section */
		7E00DF812ECB6214007F3558 /* Frameworks */ = {
			isa = PBXGroup;
			children = (
			);
			name = Frameworks;
			sourceTree = "<group>";
		};
		7E8E48B72ECB571700ED0537 = {
			isa = PBXGroup;
			children = (
				7E8E48C22ECB571700ED0537 /* ChorusLabApp */,
				7E8E48D02ECB571900ED0537 /* ChorusLabAppTests */,
				7E8E48DA2ECB571900ED0537 /* ChorusLabAppUITests */,
				7E00DF812ECB6214007F3558 /* Frameworks */,
				7E8E48C12ECB571700ED0537 /* Products */,
			);
			sourceTree = "<group>";
		};
		7E8E48C12ECB571700ED0537 /* Products */ = {
			isa = PBXGroup;
			children = (
				7E8E48C02ECB571700ED0537 /* ChorusLabApp.app */,
				7E8E48CD2ECB571900ED0537 /* ChorusLabAppTests.xctest */,
				7E8E48D72ECB571900ED0537 /* ChorusLabAppUITests.xctest */,
			);
			name = Products;
			sourceTree = "<group>";
		};
/* End PBXGroup section */

/* Begin PBXNativeTarget section */
		7E8E48BF2ECB571700ED0537 /* ChorusLabApp */ = {
			isa = PBXNativeTarget;
			buildConfigurationList = 7E8E48E12ECB571900ED0537 /* Build configuration list for PBXNativeTarget "ChorusLabApp" */;
			buildPhases = (
				7E8E48BC2ECB571700ED0537 /* Sources */,
				7E8E48BD2ECB571700ED0537 /* Frameworks */,
				7E8E48BE2ECB571700ED0537 /* Resources */,
			);
			buildRules = (
			);
			dependencies = (
			);
			fileSystemSynchronizedGroups = (
				7E8E48C22ECB571700ED0537 /* ChorusLabApp */,
			);
			name = ChorusLabApp;
			packageProductDependencies = (
				7E00DF822ECB6214007F3558 /* VoiceKit */,
				7E00DF842ECB6214007F3558 /* VoiceKitUI */,
			);
			productName = ChorusLabApp;
			productReference = 7E8E48C02ECB571700ED0537 /* ChorusLabApp.app */;
			productType = "com.apple.product-type.application";
		};
		7E8E48CC2ECB571900ED0537 /* ChorusLabAppTests */ = {
			isa = PBXNativeTarget;
			buildConfigurationList = 7E8E48E42ECB571900ED0537 /* Build configuration list for PBXNativeTarget "ChorusLabAppTests" */;
			buildPhases = (
				7E8E48C92ECB571900ED0537 /* Sources */,
				7E8E48CA2ECB571900ED0537 /* Frameworks */,
				7E8E48CB2ECB571900ED0537 /* Resources */,
			);
			buildRules = (
			);
			dependencies = (
				7E8E48CF2ECB571900ED0537 /* PBXTargetDependency */,
			);
			fileSystemSynchronizedGroups = (
				7E8E48D02ECB571900ED0537 /* ChorusLabAppTests */,
			);
			name = ChorusLabAppTests;
			packageProductDependencies = (
			);
			productName = ChorusLabAppTests;
			productReference = 7E8E48CD2ECB571900ED0537 /* ChorusLabAppTests.xctest */;
			productType = "com.apple.product-type.bundle.unit-test";
		};
		7E8E48D62ECB571900ED0537 /* ChorusLabAppUITests */ = {
			isa = PBXNativeTarget;
			buildConfigurationList = 7E8E48E72ECB571900ED0537 /* Build configuration list for PBXNativeTarget "ChorusLabAppUITests" */;
			buildPhases = (
				7E8E48D32ECB571900ED0537 /* Sources */,
				7E8E48D42ECB571900ED0537 /* Frameworks */,
				7E8E48D52ECB571900ED0537 /* Resources */,
			);
			buildRules = (
			);
			dependencies = (
				7E8E48D92ECB571900ED0537 /* PBXTargetDependency */,
			);
			fileSystemSynchronizedGroups = (
				7E8E48DA2ECB571900ED0537 /* ChorusLabAppUITests */,
			);
			name = ChorusLabAppUITests;
			packageProductDependencies = (
			);
			productName = ChorusLabAppUITests;
			productReference = 7E8E48D72ECB571900ED0537 /* ChorusLabAppUITests.xctest */;
			productType = "com.apple.product-type.bundle.ui-testing";
		};
/* End PBXNativeTarget section */

/* Begin PBXProject section */
		7E8E48B82ECB571700ED0537 /* Project object */ = {
			isa = PBXProject;
			attributes = {
				BuildIndependentTargetsInParallel = 1;
				LastSwiftUpdateCheck = 2610;
				LastUpgradeCheck = 2610;
				TargetAttributes = {
					7E8E48BF2ECB571700ED0537 = {
						CreatedOnToolsVersion = 26.1.1;
					};
					7E8E48CC2ECB571900ED0537 = {
						CreatedOnToolsVersion = 26.1.1;
						TestTargetID = 7E8E48BF2ECB571700ED0537;
					};
					7E8E48D62ECB571900ED0537 = {
						CreatedOnToolsVersion = 26.1.1;
						TestTargetID = 7E8E48BF2ECB571700ED0537;
					};
				};
			};
			buildConfigurationList = 7E8E48BB2ECB571700ED0537 /* Build configuration list for PBXProject "ChorusLabApp" */;
			developmentRegion = en;
			hasScannedForEncodings = 0;
			knownRegions = (
				en,
				Base,
			);
			mainGroup = 7E8E48B72ECB571700ED0537;
			minimizedProjectReferenceProxies = 1;
			packageReferences = (
				7E8E48EF2ECB584800ED0537 /* XCLocalSwiftPackageReference "../../../VoiceKit" */,
			);
			preferredProjectObjectVersion = 77;
			productRefGroup = 7E8E48C12ECB571700ED0537 /* Products */;
			projectDirPath = "";
			projectRoot = "";
			targets = (
				7E8E48BF2ECB571700ED0537 /* ChorusLabApp */,
				7E8E48CC2ECB571900ED0537 /* ChorusLabAppTests */,
				7E8E48D62ECB571900ED0537 /* ChorusLabAppUITests */,
			);
		};
/* End PBXProject section */

/* Begin PBXResourcesBuildPhase section */
		7E8E48BE2ECB571700ED0537 /* Resources */ = {
			isa = PBXResourcesBuildPhase;
			buildActionMask = 2147483647;
			files = (
			);
			runOnlyForDeploymentPostprocessing = 0;
		};
		7E8E48CB2ECB571900ED0537 /* Resources */ = {
			isa = PBXResourcesBuildPhase;
			buildActionMask = 2147483647;
			files = (
			);
			runOnlyForDeploymentPostprocessing = 0;
		};
		7E8E48D52ECB571900ED0537 /* Resources */ = {
			isa = PBXResourcesBuildPhase;
			buildActionMask = 2147483647;
			files = (
			);
			runOnlyForDeploymentPostprocessing = 0;
		};
/* End PBXResourcesBuildPhase section */

/* Begin PBXSourcesBuildPhase section */
		7E8E48BC2ECB571700ED0537 /* Sources */ = {
			isa = PBXSourcesBuildPhase;
			buildActionMask = 2147483647;
			files = (
			);
			runOnlyForDeploymentPostprocessing = 0;
		};
		7E8E48C92ECB571900ED0537 /* Sources */ = {
			isa = PBXSourcesBuildPhase;
			buildActionMask = 2147483647;
			files = (
			);
			runOnlyForDeploymentPostprocessing = 0;
		};
		7E8E48D32ECB571900ED0537 /* Sources */ = {
			isa = PBXSourcesBuildPhase;
			buildActionMask = 2147483647;
			files = (
			);
			runOnlyForDeploymentPostprocessing = 0;
		};
/* End PBXSourcesBuildPhase section */

/* Begin PBXTargetDependency section */
		7E8E48CF2ECB571900ED0537 /* PBXTargetDependency */ = {
			isa = PBXTargetDependency;
			target = 7E8E48BF2ECB571700ED0537 /* ChorusLabApp */;
			targetProxy = 7E8E48CE2ECB571900ED0537 /* PBXContainerItemProxy */;
		};
		7E8E48D92ECB571900ED0537 /* PBXTargetDependency */ = {
			isa = PBXTargetDependency;
			target = 7E8E48BF2ECB571700ED0537 /* ChorusLabApp */;
			targetProxy = 7E8E48D82ECB571900ED0537 /* PBXContainerItemProxy */;
		};
/* End PBXTargetDependency section */

/* Begin XCBuildConfiguration section */
		7E8E48DF2ECB571900ED0537 /* Debug */ = {
			isa = XCBuildConfiguration;
			buildSettings = {
				ALWAYS_SEARCH_USER_PATHS = NO;
				ASSETCATALOG_COMPILER_GENERATE_SWIFT_ASSET_SYMBOL_EXTENSIONS = YES;
				CLANG_ANALYZER_NONNULL = YES;
				CLANG_ANALYZER_NUMBER_OBJECT_CONVERSION = YES_AGGRESSIVE;
				CLANG_CXX_LANGUAGE_STANDARD = "gnu++20";
				CLANG_ENABLE_MODULES = YES;
				CLANG_ENABLE_OBJC_ARC = YES;
				CLANG_ENABLE_OBJC_WEAK = YES;
				CLANG_WARN_BLOCK_CAPTURE_AUTORELEASING = YES;
				CLANG_WARN_BOOL_CONVERSION = YES;
				CLANG_WARN_COMMA = YES;
				CLANG_WARN_CONSTANT_CONVERSION = YES;
				CLANG_WARN_DEPRECATED_OBJC_IMPLEMENTATIONS = YES;
				CLANG_WARN_DIRECT_OBJC_ISA_USAGE = YES_ERROR;
				CLANG_WARN_DOCUMENTATION_COMMENTS = YES;
				CLANG_WARN_EMPTY_BODY = YES;
				CLANG_WARN_ENUM_CONVERSION = YES;
				CLANG_WARN_INFINITE_RECURSION = YES;
				CLANG_WARN_INT_CONVERSION = YES;
				CLANG_WARN_NON_LITERAL_NULL_CONVERSION = YES;
				CLANG_WARN_OBJC_IMPLICIT_RETAIN_SELF = YES;
				CLANG_WARN_OBJC_LITERAL_CONVERSION = YES;
				CLANG_WARN_OBJC_ROOT_CLASS = YES_ERROR;
				CLANG_WARN_QUOTED_INCLUDE_IN_FRAMEWORK_HEADER = YES;
				CLANG_WARN_RANGE_LOOP_ANALYSIS = YES;
				CLANG_WARN_STRICT_PROTOTYPES = YES;
				CLANG_WARN_SUSPICIOUS_MOVE = YES;
				CLANG_WARN_UNGUARDED_AVAILABILITY = YES_AGGRESSIVE;
				CLANG_WARN_UNREACHABLE_CODE = YES;
				CLANG_WARN__DUPLICATE_METHOD_MATCH = YES;
				COPY_PHASE_STRIP = NO;
				DEBUG_INFORMATION_FORMAT = dwarf;
				DEVELOPMENT_TEAM = RM2284LMLW;
				ENABLE_STRICT_OBJC_MSGSEND = YES;
				ENABLE_TESTABILITY = YES;
				ENABLE_USER_SCRIPT_SANDBOXING = YES;
				GCC_C_LANGUAGE_STANDARD = gnu17;
				GCC_DYNAMIC_NO_PIC = NO;
				GCC_NO_COMMON_BLOCKS = YES;
				GCC_OPTIMIZATION_LEVEL = 0;
				GCC_PREPROCESSOR_DEFINITIONS = (
					"DEBUG=1",
					"$(inherited)",
				);
				GCC_WARN_64_TO_32_BIT_CONVERSION = YES;
				GCC_WARN_ABOUT_RETURN_TYPE = YES_ERROR;
				GCC_WARN_UNDECLARED_SELECTOR = YES;
				GCC_WARN_UNINITIALIZED_AUTOS = YES_AGGRESSIVE;
				GCC_WARN_UNUSED_FUNCTION = YES;
				GCC_WARN_UNUSED_VARIABLE = YES;
				LOCALIZATION_PREFERS_STRING_CATALOGS = YES;
				MTL_ENABLE_DEBUG_INFO = INCLUDE_SOURCE;
				MTL_FAST_MATH = YES;
				ONLY_ACTIVE_ARCH = YES;
				SWIFT_ACTIVE_COMPILATION_CONDITIONS = "DEBUG $(inherited)";
				SWIFT_OPTIMIZATION_LEVEL = "-Onone";
			};
			name = Debug;
		};
		7E8E48E02ECB571900ED0537 /* Release */ = {
			isa = XCBuildConfiguration;
			buildSettings = {
				ALWAYS_SEARCH_USER_PATHS = NO;
				ASSETCATALOG_COMPILER_GENERATE_SWIFT_ASSET_SYMBOL_EXTENSIONS = YES;
				CLANG_ANALYZER_NONNULL = YES;
				CLANG_ANALYZER_NUMBER_OBJECT_CONVERSION = YES_AGGRESSIVE;
				CLANG_CXX_LANGUAGE_STANDARD = "gnu++20";
				CLANG_ENABLE_MODULES = YES;
				CLANG_ENABLE_OBJC_ARC = YES;
				CLANG_ENABLE_OBJC_WEAK = YES;
				CLANG_WARN_BLOCK_CAPTURE_AUTORELEASING = YES;
				CLANG_WARN_BOOL_CONVERSION = YES;
				CLANG_WARN_COMMA = YES;
				CLANG_WARN_CONSTANT_CONVERSION = YES;
				CLANG_WARN_DEPRECATED_OBJC_IMPLEMENTATIONS = YES;
				CLANG_WARN_DIRECT_OBJC_ISA_USAGE = YES_ERROR;
				CLANG_WARN_DOCUMENTATION_COMMENTS = YES;
				CLANG_WARN_EMPTY_BODY = YES;
				CLANG_WARN_ENUM_CONVERSION = YES;
				CLANG_WARN_INFINITE_RECURSION = YES;
				CLANG_WARN_INT_CONVERSION = YES;
				CLANG_WARN_NON_LITERAL_NULL_CONVERSION = YES;
				CLANG_WARN_OBJC_IMPLICIT_RETAIN_SELF = YES;
				CLANG_WARN_OBJC_LITERAL_CONVERSION = YES;
				CLANG_WARN_OBJC_ROOT_CLASS = YES_ERROR;
				CLANG_WARN_QUOTED_INCLUDE_IN_FRAMEWORK_HEADER = YES;
				CLANG_WARN_RANGE_LOOP_ANALYSIS = YES;
				CLANG_WARN_STRICT_PROTOTYPES = YES;
				CLANG_WARN_SUSPICIOUS_MOVE = YES;
				CLANG_WARN_UNGUARDED_AVAILABILITY = YES_AGGRESSIVE;
				CLANG_WARN_UNREACHABLE_CODE = YES;
				CLANG_WARN__DUPLICATE_METHOD_MATCH = YES;
				COPY_PHASE_STRIP = NO;
				DEBUG_INFORMATION_FORMAT = "dwarf-with-dsym";
				DEVELOPMENT_TEAM = RM2284LMLW;
				ENABLE_NS_ASSERTIONS = NO;
				ENABLE_STRICT_OBJC_MSGSEND = YES;
				ENABLE_USER_SCRIPT_SANDBOXING = YES;
				GCC_C_LANGUAGE_STANDARD = gnu17;
				GCC_NO_COMMON_BLOCKS = YES;
				GCC_WARN_64_TO_32_BIT_CONVERSION = YES;
				GCC_WARN_ABOUT_RETURN_TYPE = YES_ERROR;
				GCC_WARN_UNDECLARED_SELECTOR = YES;
				GCC_WARN_UNINITIALIZED_AUTOS = YES_AGGRESSIVE;
				GCC_WARN_UNUSED_FUNCTION = YES;
				GCC_WARN_UNUSED_VARIABLE = YES;
				LOCALIZATION_PREFERS_STRING_CATALOGS = YES;
				MTL_ENABLE_DEBUG_INFO = NO;
				MTL_FAST_MATH = YES;
				SWIFT_COMPILATION_MODE = wholemodule;
			};
			name = Release;
		};
		7E8E48E22ECB571900ED0537 /* Debug */ = {
			isa = XCBuildConfiguration;
			buildSettings = {
				ASSETCATALOG_COMPILER_APPICON_NAME = AppIcon;
				ASSETCATALOG_COMPILER_GLOBAL_ACCENT_COLOR_NAME = AccentColor;
				CODE_SIGN_STYLE = Automatic;
				CURRENT_PROJECT_VERSION = 1;
				DEVELOPMENT_TEAM = RM2284LMLW;
				ENABLE_APP_SANDBOX = YES;
				ENABLE_HARDENED_RUNTIME = YES;
				ENABLE_PREVIEWS = YES;
				ENABLE_USER_SELECTED_FILES = readonly;
				GENERATE_INFOPLIST_FILE = YES;
				"INFOPLIST_KEY_UIApplicationSceneManifest_Generation[sdk=iphoneos*]" = YES;
				"INFOPLIST_KEY_UIApplicationSceneManifest_Generation[sdk=iphonesimulator*]" = YES;
				"INFOPLIST_KEY_UIApplicationSupportsIndirectInputEvents[sdk=iphoneos*]" = YES;
				"INFOPLIST_KEY_UIApplicationSupportsIndirectInputEvents[sdk=iphonesimulator*]" = YES;
				"INFOPLIST_KEY_UILaunchScreen_Generation[sdk=iphoneos*]" = YES;
				"INFOPLIST_KEY_UILaunchScreen_Generation[sdk=iphonesimulator*]" = YES;
				"INFOPLIST_KEY_UIStatusBarStyle[sdk=iphoneos*]" = UIStatusBarStyleDefault;
				"INFOPLIST_KEY_UIStatusBarStyle[sdk=iphonesimulator*]" = UIStatusBarStyleDefault;
				INFOPLIST_KEY_UISupportedInterfaceOrientations_iPad = "UIInterfaceOrientationPortrait UIInterfaceOrientationPortraitUpsideDown UIInterfaceOrientationLandscapeLeft UIInterfaceOrientationLandscapeRight";
				INFOPLIST_KEY_UISupportedInterfaceOrientations_iPhone = "UIInterfaceOrientationPortrait UIInterfaceOrientationLandscapeLeft UIInterfaceOrientationLandscapeRight";
				IPHONEOS_DEPLOYMENT_TARGET = 26.1;
				LD_RUNPATH_SEARCH_PATHS = "@executable_path/Frameworks";
				"LD_RUNPATH_SEARCH_PATHS[sdk=macosx*]" = "@executable_path/../Frameworks";
				MACOSX_DEPLOYMENT_TARGET = 26.1;
				MARKETING_VERSION = 1.0;
				PRODUCT_BUNDLE_IDENTIFIER = com.peacedudes.robert.ChorusLabApp;
				PRODUCT_NAME = "$(TARGET_NAME)";
				REGISTER_APP_GROUPS = YES;
				SDKROOT = auto;
				STRING_CATALOG_GENERATE_SYMBOLS = YES;
				SUPPORTED_PLATFORMS = "iphoneos iphonesimulator macosx xros xrsimulator";
				SWIFT_APPROACHABLE_CONCURRENCY = YES;
				SWIFT_DEFAULT_ACTOR_ISOLATION = MainActor;
				SWIFT_EMIT_LOC_STRINGS = YES;
				SWIFT_UPCOMING_FEATURE_MEMBER_IMPORT_VISIBILITY = YES;
				SWIFT_VERSION = 5.0;
				TARGETED_DEVICE_FAMILY = "1,2,7";
				XROS_DEPLOYMENT_TARGET = 26.1;
			};
			name = Debug;
		};
		7E8E48E32ECB571900ED0537 /* Release */ = {
			isa = XCBuildConfiguration;
			buildSettings = {
				ASSETCATALOG_COMPILER_APPICON_NAME = AppIcon;
				ASSETCATALOG_COMPILER_GLOBAL_ACCENT_COLOR_NAME = AccentColor;
				CODE_SIGN_STYLE = Automatic;
				CURRENT_PROJECT_VERSION = 1;
				DEVELOPMENT_TEAM = RM2284LMLW;
				ENABLE_APP_SANDBOX = YES;
				ENABLE_HARDENED_RUNTIME = YES;
				ENABLE_PREVIEWS = YES;
				ENABLE_USER_SELECTED_FILES = readonly;
				GENERATE_INFOPLIST_FILE = YES;
				"INFOPLIST_KEY_UIApplicationSceneManifest_Generation[sdk=iphoneos*]" = YES;
				"INFOPLIST_KEY_UIApplicationSceneManifest_Generation[sdk=iphonesimulator*]" = YES;
				"INFOPLIST_KEY_UIApplicationSupportsIndirectInputEvents[sdk=iphoneos*]" = YES;
				"INFOPLIST_KEY_UIApplicationSupportsIndirectInputEvents[sdk=iphonesimulator*]" = YES;
				"INFOPLIST_KEY_UILaunchScreen_Generation[sdk=iphoneos*]" = YES;
				"INFOPLIST_KEY_UILaunchScreen_Generation[sdk=iphonesimulator*]" = YES;
				"INFOPLIST_KEY_UIStatusBarStyle[sdk=iphoneos*]" = UIStatusBarStyleDefault;
				"INFOPLIST_KEY_UIStatusBarStyle[sdk=iphonesimulator*]" = UIStatusBarStyleDefault;
				INFOPLIST_KEY_UISupportedInterfaceOrientations_iPad = "UIInterfaceOrientationPortrait UIInterfaceOrientationPortraitUpsideDown UIInterfaceOrientationLandscapeLeft UIInterfaceOrientationLandscapeRight";
				INFOPLIST_KEY_UISupportedInterfaceOrientations_iPhone = "UIInterfaceOrientationPortrait UIInterfaceOrientationLandscapeLeft UIInterfaceOrientationLandscapeRight";
				IPHONEOS_DEPLOYMENT_TARGET = 26.1;
				LD_RUNPATH_SEARCH_PATHS = "@executable_path/Frameworks";
				"LD_RUNPATH_SEARCH_PATHS[sdk=macosx*]" = "@executable_path/../Frameworks";
				MACOSX_DEPLOYMENT_TARGET = 26.1;
				MARKETING_VERSION = 1.0;
				PRODUCT_BUNDLE_IDENTIFIER = com.peacedudes.robert.ChorusLabApp;
				PRODUCT_NAME = "$(TARGET_NAME)";
				REGISTER_APP_GROUPS = YES;
				SDKROOT = auto;
				STRING_CATALOG_GENERATE_SYMBOLS = YES;
				SUPPORTED_PLATFORMS = "iphoneos iphonesimulator macosx xros xrsimulator";
				SWIFT_APPROACHABLE_CONCURRENCY = YES;
				SWIFT_DEFAULT_ACTOR_ISOLATION = MainActor;
				SWIFT_EMIT_LOC_STRINGS = YES;
				SWIFT_UPCOMING_FEATURE_MEMBER_IMPORT_VISIBILITY = YES;
				SWIFT_VERSION = 5.0;
				TARGETED_DEVICE_FAMILY = "1,2,7";
				XROS_DEPLOYMENT_TARGET = 26.1;
			};
			name = Release;
		};
		7E8E48E52ECB571900ED0537 /* Debug */ = {
			isa = XCBuildConfiguration;
			buildSettings = {
				BUNDLE_LOADER = "$(TEST_HOST)";
				CODE_SIGN_STYLE = Automatic;
				CURRENT_PROJECT_VERSION = 1;
				DEVELOPMENT_TEAM = RM2284LMLW;
				GENERATE_INFOPLIST_FILE = YES;
				IPHONEOS_DEPLOYMENT_TARGET = 26.1;
				MACOSX_DEPLOYMENT_TARGET = 26.1;
				MARKETING_VERSION = 1.0;
				PRODUCT_BUNDLE_IDENTIFIER = com.peacedudes.robert.ChorusLabAppTests;
				PRODUCT_NAME = "$(TARGET_NAME)";
				SDKROOT = auto;
				STRING_CATALOG_GENERATE_SYMBOLS = NO;
				SUPPORTED_PLATFORMS = "iphoneos iphonesimulator macosx xros xrsimulator";
				SWIFT_APPROACHABLE_CONCURRENCY = YES;
				SWIFT_EMIT_LOC_STRINGS = NO;
				SWIFT_UPCOMING_FEATURE_MEMBER_IMPORT_VISIBILITY = YES;
				SWIFT_VERSION = 5.0;
				TARGETED_DEVICE_FAMILY = "1,2,7";
				TEST_HOST = "$(BUILT_PRODUCTS_DIR)/ChorusLabApp.app/$(BUNDLE_EXECUTABLE_FOLDER_PATH)/ChorusLabApp";
				XROS_DEPLOYMENT_TARGET = 26.1;
			};
			name = Debug;
		};
		7E8E48E62ECB571900ED0537 /* Release */ = {
			isa = XCBuildConfiguration;
			buildSettings = {
				BUNDLE_LOADER = "$(TEST_HOST)";
				CODE_SIGN_STYLE = Automatic;
				CURRENT_PROJECT_VERSION = 1;
				DEVELOPMENT_TEAM = RM2284LMLW;
				GENERATE_INFOPLIST_FILE = YES;
				IPHONEOS_DEPLOYMENT_TARGET = 26.1;
				MACOSX_DEPLOYMENT_TARGET = 26.1;
				MARKETING_VERSION = 1.0;
				PRODUCT_BUNDLE_IDENTIFIER = com.peacedudes.robert.ChorusLabAppTests;
				PRODUCT_NAME = "$(TARGET_NAME)";
				SDKROOT = auto;
				STRING_CATALOG_GENERATE_SYMBOLS = NO;
				SUPPORTED_PLATFORMS = "iphoneos iphonesimulator macosx xros xrsimulator";
				SWIFT_APPROACHABLE_CONCURRENCY = YES;
				SWIFT_EMIT_LOC_STRINGS = NO;
				SWIFT_UPCOMING_FEATURE_MEMBER_IMPORT_VISIBILITY = YES;
				SWIFT_VERSION = 5.0;
				TARGETED_DEVICE_FAMILY = "1,2,7";
				TEST_HOST = "$(BUILT_PRODUCTS_DIR)/ChorusLabApp.app/$(BUNDLE_EXECUTABLE_FOLDER_PATH)/ChorusLabApp";
				XROS_DEPLOYMENT_TARGET = 26.1;
			};
			name = Release;
		};
		7E8E48E82ECB571900ED0537 /* Debug */ = {
			isa = XCBuildConfiguration;
			buildSettings = {
				CODE_SIGN_STYLE = Automatic;
				CURRENT_PROJECT_VERSION = 1;
				DEVELOPMENT_TEAM = RM2284LMLW;
				GENERATE_INFOPLIST_FILE = YES;
				IPHONEOS_DEPLOYMENT_TARGET = 26.1;
				MACOSX_DEPLOYMENT_TARGET = 26.1;
				MARKETING_VERSION = 1.0;
				PRODUCT_BUNDLE_IDENTIFIER = com.peacedudes.robert.ChorusLabAppUITests;
				PRODUCT_NAME = "$(TARGET_NAME)";
				SDKROOT = auto;
				STRING_CATALOG_GENERATE_SYMBOLS = NO;
				SUPPORTED_PLATFORMS = "iphoneos iphonesimulator macosx xros xrsimulator";
				SWIFT_APPROACHABLE_CONCURRENCY = YES;
				SWIFT_EMIT_LOC_STRINGS = NO;
				SWIFT_UPCOMING_FEATURE_MEMBER_IMPORT_VISIBILITY = YES;
				SWIFT_VERSION = 5.0;
				TARGETED_DEVICE_FAMILY = "1,2,7";
				TEST_TARGET_NAME = ChorusLabApp;
				XROS_DEPLOYMENT_TARGET = 26.1;
			};
			name = Debug;
		};
		7E8E48E92ECB571900ED0537 /* Release */ = {
			isa = XCBuildConfiguration;
			buildSettings = {
				CODE_SIGN_STYLE = Automatic;
				CURRENT_PROJECT_VERSION = 1;
				DEVELOPMENT_TEAM = RM2284LMLW;
				GENERATE_INFOPLIST_FILE = YES;
				IPHONEOS_DEPLOYMENT_TARGET = 26.1;
				MACOSX_DEPLOYMENT_TARGET = 26.1;
				MARKETING_VERSION = 1.0;
				PRODUCT_BUNDLE_IDENTIFIER = com.peacedudes.robert.ChorusLabAppUITests;
				PRODUCT_NAME = "$(TARGET_NAME)";
				SDKROOT = auto;
				STRING_CATALOG_GENERATE_SYMBOLS = NO;
				SUPPORTED_PLATFORMS = "iphoneos iphonesimulator macosx xros xrsimulator";
				SWIFT_APPROACHABLE_CONCURRENCY = YES;
				SWIFT_EMIT_LOC_STRINGS = NO;
				SWIFT_UPCOMING_FEATURE_MEMBER_IMPORT_VISIBILITY = YES;
				SWIFT_VERSION = 5.0;
				TARGETED_DEVICE_FAMILY = "1,2,7";
				TEST_TARGET_NAME = ChorusLabApp;
				XROS_DEPLOYMENT_TARGET = 26.1;
			};
			name = Release;
		};
/* End XCBuildConfiguration section */

/* Begin XCConfigurationList section */
		7E8E48BB2ECB571700ED0537 /* Build configuration list for PBXProject "ChorusLabApp" */ = {
			isa = XCConfigurationList;
			buildConfigurations = (
				7E8E48DF2ECB571900ED0537 /* Debug */,
				7E8E48E02ECB571900ED0537 /* Release */,
			);
			defaultConfigurationIsVisible = 0;
			defaultConfigurationName = Release;
		};
		7E8E48E12ECB571900ED0537 /* Build configuration list for PBXNativeTarget "ChorusLabApp" */ = {
			isa = XCConfigurationList;
			buildConfigurations = (
				7E8E48E22ECB571900ED0537 /* Debug */,
				7E8E48E32ECB571900ED0537 /* Release */,
			);
			defaultConfigurationIsVisible = 0;
			defaultConfigurationName = Release;
		};
		7E8E48E42ECB571900ED0537 /* Build configuration list for PBXNativeTarget "ChorusLabAppTests" */ = {
			isa = XCConfigurationList;
			buildConfigurations = (
				7E8E48E52ECB571900ED0537 /* Debug */,
				7E8E48E62ECB571900ED0537 /* Release */,
			);
			defaultConfigurationIsVisible = 0;
			defaultConfigurationName = Release;
		};
		7E8E48E72ECB571900ED0537 /* Build configuration list for PBXNativeTarget "ChorusLabAppUITests" */ = {
			isa = XCConfigurationList;
			buildConfigurations = (
				7E8E48E82ECB571900ED0537 /* Debug */,
				7E8E48E92ECB571900ED0537 /* Release */,
			);
			defaultConfigurationIsVisible = 0;
			defaultConfigurationName = Release;
		};
/* End XCConfigurationList section */

/* Begin XCLocalSwiftPackageReference section */
		7E8E48EF2ECB584800ED0537 /* XCLocalSwiftPackageReference "../../../VoiceKit" */ = {
			isa = XCLocalSwiftPackageReference;
			relativePath = ../../../VoiceKit;
		};
/* End XCLocalSwiftPackageReference section */

/* Begin XCSwiftPackageProductDependency section */
		7E00DF822ECB6214007F3558 /* VoiceKit */ = {
			isa = XCSwiftPackageProductDependency;
			package = 7E8E48EF2ECB584800ED0537 /* XCLocalSwiftPackageReference "../../../VoiceKit" */;
			productName = VoiceKit;
		};
		7E00DF842ECB6214007F3558 /* VoiceKitUI */ = {
			isa = XCSwiftPackageProductDependency;
			package = 7E8E48EF2ECB584800ED0537 /* XCLocalSwiftPackageReference "../../../VoiceKit" */;
			productName = VoiceKitUI;
		};
/* End XCSwiftPackageProductDependency section */
	};
	rootObject = 7E8E48B82ECB571700ED0537 /* Project object */;
}
